
Microsoft Visual Studio Solution File, Format Version 12.00
# Visual Studio Version 17
VisualStudioVersion = 17.6.33723.286
MinimumVisualStudioVersion = 10.0.40219.1
Project("{2150E333-8FDC-42A3-9474-1A3956D46DE8}") = "Services", "Services", "{7CC956F3-A159-43BB-8BEE-B96CC959EFB5}"
EndProject
Project("{2150E333-8FDC-42A3-9474-1A3956D46DE8}") = "FundingAccount", "FundingAccount", "{A54E459B-050F-42DD-9E15-8C4D27975DA6}"
EndProject
Project("{9A19103F-16F7-4668-BE54-9A1E7A4F7556}") = "FundingAccount.API", "Services\FundingAccount\FundingAccount.API\FundingAccount.API.csproj", "{C09AAE30-867B-49D2-902C-4663F5E80FC8}"
EndProject
Project("{2150E333-8FDC-42A3-9474-1A3956D46DE8}") = "Utilities", "Utilities", "{D50EC01D-488F-43EB-8ADD-7F341BB9F576}"
EndProject
Project("{9A19103F-16F7-4668-BE54-9A1E7A4F7556}") = "Utilities.API", "Services\Utilities\Utilities.API\Utilities.API.csproj", "{007E1075-B6A0-40E0-88F3-ECC619202D5B}"
EndProject
Project("{2150E333-8FDC-42A3-9474-1A3956D46DE8}") = "Transaction", "Transaction", "{C254E60B-2C4A-43BF-AD42-5F2FC241F8CF}"
EndProject
Project("{2150E333-8FDC-42A3-9474-1A3956D46DE8}") = "VendorConnect", "VendorConnect", "{A3DF67E6-81DB-4B11-9366-102E0E319C03}"
EndProject
Project("{9A19103F-16F7-4668-BE54-9A1E7A4F7556}") = "VendorConnect.API", "Services\VendorConnect\VendorConnect.API\VendorConnect.API.csproj", "{FD23F01D-3257-4802-9CFF-F9E4959E9741}"
EndProject
Project("{2150E333-8FDC-42A3-9474-1A3956D46DE8}") = "UserProfile", "UserProfile", "{075DC18A-3F2D-4BE8-9D8D-B3E0EE99C37A}"
EndProject
Project("{9A19103F-16F7-4668-BE54-9A1E7A4F7556}") = "UserProfile.API", "Services\UserProfile\UserProfile.API\UserProfile.API.csproj", "{F68C32EE-DDD6-49BC-B5AB-4BF864EC149B}"
EndProject
Project("{2150E333-8FDC-42A3-9474-1A3956D46DE8}") = "VendorSelect", "VendorSelect", "{1BD75ACE-7CB4-4C00-81BF-0D1DD66D7756}"
EndProject
Project("{9A19103F-16F7-4668-BE54-9A1E7A4F7556}") = "VendorSelect.API", "Services\VendorSelect\VendorSelect.API\VendorSelect.API.csproj", "{DA8BE365-157C-4A28-A69D-EA1A2C5884EA}"
EndProject
Project("{FAE04EC0-301F-11D3-BF4B-00C04F79EFBC}") = "Transactions.API", "Services\Transactions\Transactions.API\Transactions.API.csproj", "{1C63F75C-1141-4C2D-A8B6-66F87CF48780}"
EndProject
Global
	GlobalSection(SolutionConfigurationPlatforms) = preSolution
		Debug|Any CPU = Debug|Any CPU
		Release|Any CPU = Release|Any CPU
	EndGlobalSection
	GlobalSection(ProjectConfigurationPlatforms) = postSolution
		{C09AAE30-867B-49D2-902C-4663F5E80FC8}.Debug|Any CPU.ActiveCfg = Debug|Any CPU
		{C09AAE30-867B-49D2-902C-4663F5E80FC8}.Debug|Any CPU.Build.0 = Debug|Any CPU
		{C09AAE30-867B-49D2-902C-4663F5E80FC8}.Release|Any CPU.ActiveCfg = Release|Any CPU
		{C09AAE30-867B-49D2-902C-4663F5E80FC8}.Release|Any CPU.Build.0 = Release|Any CPU
		{007E1075-B6A0-40E0-88F3-ECC619202D5B}.Debug|Any CPU.ActiveCfg = Debug|Any CPU
		{007E1075-B6A0-40E0-88F3-ECC619202D5B}.Debug|Any CPU.Build.0 = Debug|Any CPU
		{007E1075-B6A0-40E0-88F3-ECC619202D5B}.Release|Any CPU.ActiveCfg = Release|Any CPU
		{007E1075-B6A0-40E0-88F3-ECC619202D5B}.Release|Any CPU.Build.0 = Release|Any CPU
		{FD23F01D-3257-4802-9CFF-F9E4959E9741}.Debug|Any CPU.ActiveCfg = Debug|Any CPU
		{FD23F01D-3257-4802-9CFF-F9E4959E9741}.Debug|Any CPU.Build.0 = Debug|Any CPU
		{FD23F01D-3257-4802-9CFF-F9E4959E9741}.Release|Any CPU.ActiveCfg = Release|Any CPU
		{FD23F01D-3257-4802-9CFF-F9E4959E9741}.Release|Any CPU.Build.0 = Release|Any CPU
		{F68C32EE-DDD6-49BC-B5AB-4BF864EC149B}.Debug|Any CPU.ActiveCfg = Debug|Any CPU
		{F68C32EE-DDD6-49BC-B5AB-4BF864EC149B}.Debug|Any CPU.Build.0 = Debug|Any CPU
		{F68C32EE-DDD6-49BC-B5AB-4BF864EC149B}.Release|Any CPU.ActiveCfg = Release|Any CPU
		{F68C32EE-DDD6-49BC-B5AB-4BF864EC149B}.Release|Any CPU.Build.0 = Release|Any CPU
		{DA8BE365-157C-4A28-A69D-EA1A2C5884EA}.Debug|Any CPU.ActiveCfg = Debug|Any CPU
		{DA8BE365-157C-4A28-A69D-EA1A2C5884EA}.Debug|Any CPU.Build.0 = Debug|Any CPU
		{DA8BE365-157C-4A28-A69D-EA1A2C5884EA}.Release|Any CPU.ActiveCfg = Release|Any CPU
		{DA8BE365-157C-4A28-A69D-EA1A2C5884EA}.Release|Any CPU.Build.0 = Release|Any CPU
		{1C63F75C-1141-4C2D-A8B6-66F87CF48780}.Debug|Any CPU.ActiveCfg = Debug|Any CPU
		{1C63F75C-1141-4C2D-A8B6-66F87CF48780}.Debug|Any CPU.Build.0 = Debug|Any CPU
		{1C63F75C-1141-4C2D-A8B6-66F87CF48780}.Release|Any CPU.ActiveCfg = Release|Any CPU
		{1C63F75C-1141-4C2D-A8B6-66F87CF48780}.Release|Any CPU.Build.0 = Release|Any CPU
	EndGlobalSection
	GlobalSection(SolutionProperties) = preSolution
		HideSolutionNode = FALSE
	EndGlobalSection
	GlobalSection(NestedProjects) = preSolution
		{A54E459B-050F-42DD-9E15-8C4D27975DA6} = {7CC956F3-A159-43BB-8BEE-B96CC959EFB5}
		{C09AAE30-867B-49D2-902C-4663F5E80FC8} = {A54E459B-050F-42DD-9E15-8C4D27975DA6}
		{D50EC01D-488F-43EB-8ADD-7F341BB9F576} = {7CC956F3-A159-43BB-8BEE-B96CC959EFB5}
		{007E1075-B6A0-40E0-88F3-ECC619202D5B} = {D50EC01D-488F-43EB-8ADD-7F341BB9F576}
		{C254E60B-2C4A-43BF-AD42-5F2FC241F8CF} = {7CC956F3-A159-43BB-8BEE-B96CC959EFB5}
		{A3DF67E6-81DB-4B11-9366-102E0E319C03} = {7CC956F3-A159-43BB-8BEE-B96CC959EFB5}
		{FD23F01D-3257-4802-9CFF-F9E4959E9741} = {A3DF67E6-81DB-4B11-9366-102E0E319C03}
		{075DC18A-3F2D-4BE8-9D8D-B3E0EE99C37A} = {7CC956F3-A159-43BB-8BEE-B96CC959EFB5}
		{F68C32EE-DDD6-49BC-B5AB-4BF864EC149B} = {075DC18A-3F2D-4BE8-9D8D-B3E0EE99C37A}
		{1BD75ACE-7CB4-4C00-81BF-0D1DD66D7756} = {7CC956F3-A159-43BB-8BEE-B96CC959EFB5}
		{DA8BE365-157C-4A28-A69D-EA1A2C5884EA} = {1BD75ACE-7CB4-4C00-81BF-0D1DD66D7756}
		{1C63F75C-1141-4C2D-A8B6-66F87CF48780} = {C254E60B-2C4A-43BF-AD42-5F2FC241F8CF}
	EndGlobalSection
	GlobalSection(ExtensibilityGlobals) = postSolution
		SolutionGuid = {72799612-F3EA-4EE8-860A-19045F0F4AA2}
	EndGlobalSection
EndGlobal
